
Microsoft Visual Studio Solution File, Format Version 12.00
# Visual Studio Version 17
VisualStudioVersion = 17.5.002.0
MinimumVisualStudioVersion = 10.0.40219.1
Project("{9A19103F-16F7-4668-BE54-9A1E7A4F7556}") = "Vio", "Vio.csproj", "{204248F7-EC5B-4F7E-8C6F-72D51337247B}"
EndProject
Global
	GlobalSection(SolutionConfigurationPlatforms) = preSolution
		Debug|Any CPU = Debug|Any CPU
		Release|Any CPU = Release|Any CPU
	EndGlobalSection
	GlobalSection(ProjectConfigurationPlatforms) = postSolution
		{204248F7-EC5B-4F7E-8C6F-72D51337247B}.Debug|Any CPU.ActiveCfg = Debug|Any CPU
		{204248F7-EC5B-4F7E-8C6F-72D51337247B}.Debug|Any CPU.Build.0 = Debug|Any CPU
		{204248F7-EC5B-4F7E-8C6F-72D51337247B}.Release|Any CPU.ActiveCfg = Release|Any CPU
		{204248F7-EC5B-4F7E-8C6F-72D51337247B}.Release|Any CPU.Build.0 = Release|Any CPU
	EndGlobalSection
	GlobalSection(SolutionProperties) = preSolution
		HideSolutionNode = FALSE
	EndGlobalSection
	GlobalSection(ExtensibilityGlobals) = postSolution
		SolutionGuid = {C182251D-29E4-4AF2-9B69-F586448D13EB}
	EndGlobalSection
EndGlobal
